// !$*UTF8*$!
{
	archiveVersion = 1;
	classes = {
	};
	objectVersion = 46;
	objects = {

/* Begin PBXBuildFile section */
		16819B3B1D9A197E00BCF60A /* main.m in Sources */ = {isa = PBXBuildFile; fileRef = 16819B3A1D9A197E00BCF60A /* main.m */; };
		16819B3E1D9A197E00BCF60A /* AppDelegate.m in Sources */ = {isa = PBXBuildFile; fileRef = 16819B3D1D9A197E00BCF60A /* AppDelegate.m */; };
		16819B461D9A197E00BCF60A /* Assets.xcassets in Resources */ = {isa = PBXBuildFile; fileRef = 16819B451D9A197E00BCF60A /* Assets.xcassets */; };
		16819B491D9A197E00BCF60A /* LaunchScreen.storyboard in Resources */ = {isa = PBXBuildFile; fileRef = 16819B471D9A197E00BCF60A /* LaunchScreen.storyboard */; };
		16819B541D9A197E00BCF60A /* ____Tests.m in Sources */ = {isa = PBXBuildFile; fileRef = 16819B531D9A197E00BCF60A /* ____Tests.m */; };
		16819B601D9A19B100BCF60A /* RootVc.m in Sources */ = {isa = PBXBuildFile; fileRef = 16819B5F1D9A19B100BCF60A /* RootVc.m */; };
		16819B631D9A1AAD00BCF60A /* Speech.framework in Frameworks */ = {isa = PBXBuildFile; fileRef = 16819B621D9A1AAD00BCF60A /* Speech.framework */; settings = {ATTRIBUTES = (Weak, ); }; };
		16EB12332192CB0E00868EDF /* DMPickView.m in Sources */ = {isa = PBXBuildFile; fileRef = 16EB12312192CB0E00868EDF /* DMPickView.m */; };
/* End PBXBuildFile section */

/* Begin PBXContainerItemProxy section */
		16819B501D9A197E00BCF60A /* PBXContainerItemProxy */ = {
			isa = PBXContainerItemProxy;
			containerPortal = 16819B2E1D9A197E00BCF60A /* Project object */;
			proxyType = 1;
			remoteGlobalIDString = 16819B351D9A197E00BCF60A;
			remoteInfo = "语音识别";
		};
/* End PBXContainerItemProxy section */

/* Begin PBXFileReference section */
		16819B361D9A197E00BCF60A /* 语音识别.app */ = {isa = PBXFileReference; explicitFileType = wrapper.application; includeInIndex = 0; path = "语音识别.app"; sourceTree = BUILT_PRODUCTS_DIR; };
		16819B3A1D9A197E00BCF60A /* main.m */ = {isa = PBXFileReference; lastKnownFileType = sourcecode.c.objc; path = main.m; sourceTree = "<group>"; };
		16819B3C1D9A197E00BCF60A /* AppDelegate.h */ = {isa = PBXFileReference; lastKnownFileType = sourcecode.c.h; path = AppDelegate.h; sourceTree = "<group>"; };
		16819B3D1D9A197E00BCF60A /* AppDelegate.m */ = {isa = PBXFileReference; lastKnownFileType = sourcecode.c.objc; path = AppDelegate.m; sourceTree = "<group>"; };
		16819B451D9A197E00BCF60A /* Assets.xcassets */ = {isa = PBXFileReference; lastKnownFileType = folder.assetcatalog; path = Assets.xcassets; sourceTree = "<group>"; };
		16819B481D9A197E00BCF60A /* Base */ = {isa = PBXFileReference; lastKnownFileType = file.storyboard; name = Base; path = Base.lproj/LaunchScreen.storyboard; sourceTree = "<group>"; };
		16819B4A1D9A197E00BCF60A /* Info.plist */ = {isa = PBXFileReference; lastKnownFileType = text.plist.xml; path = Info.plist; sourceTree = "<group>"; };
		16819B4F1D9A197E00BCF60A /* 语音识别Tests.xctest */ = {isa = PBXFileReference; explicitFileType = wrapper.cfbundle; includeInIndex = 0; path = "语音识别Tests.xctest"; sourceTree = BUILT_PRODUCTS_DIR; };
		16819B531D9A197E00BCF60A /* ____Tests.m */ = {isa = PBXFileReference; lastKnownFileType = sourcecode.c.objc; path = "____Tests.m"; sourceTree = "<group>"; };
		16819B551D9A197E00BCF60A /* Info.plist */ = {isa = PBXFileReference; lastKnownFileType = text.plist.xml; path = Info.plist; sourceTree = "<group>"; };
		16819B5E1D9A19B100BCF60A /* RootVc.h */ = {isa = PBXFileReference; fileEncoding = 4; lastKnownFileType = sourcecode.c.h; path = RootVc.h; sourceTree = "<group>"; };
		16819B5F1D9A19B100BCF60A /* RootVc.m */ = {isa = PBXFileReference; fileEncoding = 4; lastKnownFileType = sourcecode.c.objc; path = RootVc.m; sourceTree = "<group>"; };
		16819B621D9A1AAD00BCF60A /* Speech.framework */ = {isa = PBXFileReference; lastKnownFileType = wrapper.framework; name = Speech.framework; path = System/Library/Frameworks/Speech.framework; sourceTree = SDKROOT; };
		16EB12312192CB0E00868EDF /* DMPickView.m */ = {isa = PBXFileReference; fileEncoding = 4; lastKnownFileType = sourcecode.c.objc; path = DMPickView.m; sourceTree = "<group>"; };
		16EB12322192CB0E00868EDF /* DMPickView.h */ = {isa = PBXFileReference; fileEncoding = 4; lastKnownFileType = sourcecode.c.h; path = DMPickView.h; sourceTree = "<group>"; };
/* End PBXFileReference section */

/* Begin PBXFrameworksBuildPhase section */
		16819B331D9A197E00BCF60A /* Frameworks */ = {
			isa = PBXFrameworksBuildPhase;
			buildActionMask = 2147483647;
			files = (
				16819B631D9A1AAD00BCF60A /* Speech.framework in Frameworks */,
			);
			runOnlyForDeploymentPostprocessing = 0;
		};
		16819B4C1D9A197E00BCF60A /* Frameworks */ = {
			isa = PBXFrameworksBuildPhase;
			buildActionMask = 2147483647;
			files = (
			);
			runOnlyForDeploymentPostprocessing = 0;
		};
/* End PBXFrameworksBuildPhase section */

/* Begin PBXGroup section */
		16819B2D1D9A197E00BCF60A = {
			isa = PBXGroup;
			children = (
				16819B381D9A197E00BCF60A /* 语音识别 */,
				16819B521D9A197E00BCF60A /* 语音识别Tests */,
				16819B371D9A197E00BCF60A /* Products */,
				16819B611D9A1AAD00BCF60A /* Frameworks */,
			);
			sourceTree = "<group>";
		};
		16819B371D9A197E00BCF60A /* Products */ = {
			isa = PBXGroup;
			children = (
				16819B361D9A197E00BCF60A /* 语音识别.app */,
				16819B4F1D9A197E00BCF60A /* 语音识别Tests.xctest */,
			);
			name = Products;
			sourceTree = "<group>";
		};
		16819B381D9A197E00BCF60A /* 语音识别 */ = {
			isa = PBXGroup;
			children = (
				16819B3C1D9A197E00BCF60A /* AppDelegate.h */,
				16819B3D1D9A197E00BCF60A /* AppDelegate.m */,
				16819B5E1D9A19B100BCF60A /* RootVc.h */,
				16819B5F1D9A19B100BCF60A /* RootVc.m */,
				16EB12322192CB0E00868EDF /* DMPickView.h */,
				16EB12312192CB0E00868EDF /* DMPickView.m */,
				16819B451D9A197E00BCF60A /* Assets.xcassets */,
				16819B471D9A197E00BCF60A /* LaunchScreen.storyboard */,
				16819B4A1D9A197E00BCF60A /* Info.plist */,
				16819B391D9A197E00BCF60A /* Supporting Files */,
			);
			path = "语音识别";
			sourceTree = "<group>";
		};
		16819B391D9A197E00BCF60A /* Supporting Files */ = {
			isa = PBXGroup;
			children = (
				16819B3A1D9A197E00BCF60A /* main.m */,
			);
			name = "Supporting Files";
			sourceTree = "<group>";
		};
		16819B521D9A197E00BCF60A /* 语音识别Tests */ = {
			isa = PBXGroup;
			children = (
				16819B531D9A197E00BCF60A /* ____Tests.m */,
				16819B551D9A197E00BCF60A /* Info.plist */,
			);
			path = "语音识别Tests";
			sourceTree = "<group>";
		};
		16819B611D9A1AAD00BCF60A /* Frameworks */ = {
			isa = PBXGroup;
			children = (
				16819B621D9A1AAD00BCF60A /* Speech.framework */,
			);
			name = Frameworks;
			sourceTree = "<group>";
		};
/* End PBXGroup section */

/* Begin PBXNativeTarget section */
		16819B351D9A197E00BCF60A /* 语音识别 */ = {
			isa = PBXNativeTarget;
			buildConfigurationList = 16819B581D9A197E00BCF60A /* Build configuration list for PBXNativeTarget "语音识别" */;
			buildPhases = (
				16819B321D9A197E00BCF60A /* Sources */,
				16819B331D9A197E00BCF60A /* Frameworks */,
				16819B341D9A197E00BCF60A /* Resources */,
			);
			buildRules = (
			);
			dependencies = (
			);
			name = "语音识别";
			productName = "语音识别";
			productReference = 16819B361D9A197E00BCF60A /* 语音识别.app */;
			productType = "com.apple.product-type.application";
		};
		16819B4E1D9A197E00BCF60A /* 语音识别Tests */ = {
			isa = PBXNativeTarget;
			buildConfigurationList = 16819B5B1D9A197E00BCF60A /* Build configuration list for PBXNativeTarget "语音识别Tests" */;
			buildPhases = (
				16819B4B1D9A197E00BCF60A /* Sources */,
				16819B4C1D9A197E00BCF60A /* Frameworks */,
				16819B4D1D9A197E00BCF60A /* Resources */,
			);
			buildRules = (
			);
			dependencies = (
				16819B511D9A197E00BCF60A /* PBXTargetDependency */,
			);
			name = "语音识别Tests";
			productName = "语音识别Tests";
			productReference = 16819B4F1D9A197E00BCF60A /* 语音识别Tests.xctest */;
			productType = "com.apple.product-type.bundle.unit-test";
		};
/* End PBXNativeTarget section */

/* Begin PBXProject section */
		16819B2E1D9A197E00BCF60A /* Project object */ = {
			isa = PBXProject;
			attributes = {
				LastUpgradeCheck = 0800;
				ORGANIZATIONNAME = yollet;
				TargetAttributes = {
					16819B351D9A197E00BCF60A = {
						CreatedOnToolsVersion = 8.0;
						DevelopmentTeam = XLK83KPKH5;
						ProvisioningStyle = Automatic;
					};
					16819B4E1D9A197E00BCF60A = {
						CreatedOnToolsVersion = 8.0;
						ProvisioningStyle = Automatic;
						TestTargetID = 16819B351D9A197E00BCF60A;
					};
				};
			};
			buildConfigurationList = 16819B311D9A197E00BCF60A /* Build configuration list for PBXProject "语音识别" */;
			compatibilityVersion = "Xcode 3.2";
			developmentRegion = English;
			hasScannedForEncodings = 0;
			knownRegions = (
				en,
				Base,
			);
			mainGroup = 16819B2D1D9A197E00BCF60A;
			productRefGroup = 16819B371D9A197E00BCF60A /* Products */;
			projectDirPath = "";
			projectRoot = "";
			targets = (
				16819B351D9A197E00BCF60A /* 语音识别 */,
				16819B4E1D9A197E00BCF60A /* 语音识别Tests */,
			);
		};
/* End PBXProject section */

/* Begin PBXResourcesBuildPhase section */
		16819B341D9A197E00BCF60A /* Resources */ = {
			isa = PBXResourcesBuildPhase;
			buildActionMask = 2147483647;
			files = (
				16819B491D9A197E00BCF60A /* LaunchScreen.storyboard in Resources */,
				16819B461D9A197E00BCF60A /* Assets.xcassets in Resources */,
			);
			runOnlyForDeploymentPostprocessing = 0;
		};
		16819B4D1D9A197E00BCF60A /* Resources */ = {
			isa = PBXResourcesBuildPhase;
			buildActionMask = 2147483647;
			files = (
			);
			runOnlyForDeploymentPostprocessing = 0;
		};
/* End PBXResourcesBuildPhase section */

/* Begin PBXSourcesBuildPhase section */
		16819B321D9A197E00BCF60A /* Sources */ = {
			isa = PBXSourcesBuildPhase;
			buildActionMask = 2147483647;
			files = (
				16819B3E1D9A197E00BCF60A /* AppDelegate.m in Sources */,
				16819B601D9A19B100BCF60A /* RootVc.m in Sources */,
				16EB12332192CB0E00868EDF /* DMPickView.m in Sources */,
				16819B3B1D9A197E00BCF60A /* main.m in Sources */,
			);
			runOnlyForDeploymentPostprocessing = 0;
		};
		16819B4B1D9A197E00BCF60A /* Sources */ = {
			isa = PBXSourcesBuildPhase;
			buildActionMask = 2147483647;
			files = (
				16819B541D9A197E00BCF60A /* ____Tests.m in Sources */,
			);
			runOnlyForDeploymentPostprocessing = 0;
		};
/* End PBXSourcesBuildPhase section */

/* Begin PBXTargetDependency section */
		16819B511D9A197E00BCF60A /* PBXTargetDependency */ = {
			isa = PBXTargetDependency;
			target = 16819B351D9A197E00BCF60A /* 语音识别 */;
			targetProxy = 16819B501D9A197E00BCF60A /* PBXContainerItemProxy */;
		};
/* End PBXTargetDependency section */

/* Begin PBXVariantGroup section */
		16819B471D9A197E00BCF60A /* LaunchScreen.storyboard */ = {
			isa = PBXVariantGroup;
			children = (
				16819B481D9A197E00BCF60A /* Base */,
			);
			name = LaunchScreen.storyboard;
			sourceTree = "<group>";
		};
/* End PBXVariantGroup section */

/* Begin XCBuildConfiguration section */
		16819B561D9A197E00BCF60A /* Debug */ = {
			isa = XCBuildConfiguration;
			buildSettings = {
				ALWAYS_SEARCH_USER_PATHS = NO;
				CLANG_ANALYZER_NONNULL = YES;
				CLANG_CXX_LANGUAGE_STANDARD = "gnu++0x";
				CLANG_CXX_LIBRARY = "libc++";
				CLANG_ENABLE_MODULES = YES;
				CLANG_ENABLE_OBJC_ARC = YES;
				CLANG_WARN_BOOL_CONVERSION = YES;
				CLANG_WARN_CONSTANT_CONVERSION = YES;
				CLANG_WARN_DIRECT_OBJC_ISA_USAGE = YES_ERROR;
				CLANG_WARN_DOCUMENTATION_COMMENTS = YES;
				CLANG_WARN_EMPTY_BODY = YES;
				CLANG_WARN_ENUM_CONVERSION = YES;
				CLANG_WARN_INFINITE_RECURSION = YES;
				CLANG_WARN_INT_CONVERSION = YES;
				CLANG_WARN_OBJC_ROOT_CLASS = YES_ERROR;
				CLANG_WARN_SUSPICIOUS_MOVES = YES;
				CLANG_WARN_UNREACHABLE_CODE = YES;
				CLANG_WARN__DUPLICATE_METHOD_MATCH = YES;
				"CODE_SIGN_IDENTITY[sdk=iphoneos*]" = "iPhone Developer";
				COPY_PHASE_STRIP = NO;
				DEBUG_INFORMATION_FORMAT = dwarf;
				ENABLE_STRICT_OBJC_MSGSEND = YES;
				ENABLE_TESTABILITY = YES;
				GCC_C_LANGUAGE_STANDARD = gnu99;
				GCC_DYNAMIC_NO_PIC = NO;
				GCC_NO_COMMON_BLOCKS = YES;
				GCC_OPTIMIZATION_LEVEL = 0;
				GCC_PREPROCESSOR_DEFINITIONS = (
					"DEBUG=1",
					"$(inherited)",
				);
				GCC_WARN_64_TO_32_BIT_CONVERSION = YES;
				GCC_WARN_ABOUT_RETURN_TYPE = YES_ERROR;
				GCC_WARN_UNDECLARED_SELECTOR = YES;
				GCC_WARN_UNINITIALIZED_AUTOS = YES_AGGRESSIVE;
				GCC_WARN_UNUSED_FUNCTION = YES;
				GCC_WARN_UNUSED_VARIABLE = YES;
				IPHONEOS_DEPLOYMENT_TARGET = 10.0;
				MTL_ENABLE_DEBUG_INFO = YES;
				ONLY_ACTIVE_ARCH = YES;
				SDKROOT = iphoneos;
				TARGETED_DEVICE_FAMILY = "1,2";
			};
			name = Debug;
		};
		16819B571D9A197E00BCF60A /* Release */ = {
			isa = XCBuildConfiguration;
			buildSettings = {
				ALWAYS_SEARCH_USER_PATHS = NO;
				CLANG_ANALYZER_NONNULL = YES;
				CLANG_CXX_LANGUAGE_STANDARD = "gnu++0x";
				CLANG_CXX_LIBRARY = "libc++";
				CLANG_ENABLE_MODULES = YES;
				CLANG_ENABLE_OBJC_ARC = YES;
				CLANG_WARN_BOOL_CONVERSION = YES;
				CLANG_WARN_CONSTANT_CONVERSION = YES;
				CLANG_WARN_DIRECT_OBJC_ISA_USAGE = YES_ERROR;
				CLANG_WARN_DOCUMENTATION_COMMENTS = YES;
				CLANG_WARN_EMPTY_BODY = YES;
				CLANG_WARN_ENUM_CONVERSION = YES;
				CLANG_WARN_INFINITE_RECURSION = YES;
				CLANG_WARN_INT_CONVERSION = YES;
				CLANG_WARN_OBJC_ROOT_CLASS = YES_ERROR;
				CLANG_WARN_SUSPICIOUS_MOVES = YES;
				CLANG_WARN_UNREACHABLE_CODE = YES;
				CLANG_WARN__DUPLICATE_METHOD_MATCH = YES;
				"CODE_SIGN_IDENTITY[sdk=iphoneos*]" = "iPhone Developer";
				COPY_PHASE_STRIP = NO;
				DEBUG_INFORMATION_FORMAT = "dwarf-with-dsym";
				ENABLE_NS_ASSERTIONS = NO;
				ENABLE_STRICT_OBJC_MSGSEND = YES;
				GCC_C_LANGUAGE_STANDARD = gnu99;
				GCC_NO_COMMON_BLOCKS = YES;
				GCC_WARN_64_TO_32_BIT_CONVERSION = YES;
				GCC_WARN_ABOUT_RETURN_TYPE = YES_ERROR;
				GCC_WARN_UNDECLARED_SELECTOR = YES;
				GCC_WARN_UNINITIALIZED_AUTOS = YES_AGGRESSIVE;
				GCC_WARN_UNUSED_FUNCTION = YES;
				GCC_WARN_UNUSED_VARIABLE = YES;
				IPHONEOS_DEPLOYMENT_TARGET = 10.0;
				MTL_ENABLE_DEBUG_INFO = NO;
				SDKROOT = iphoneos;
				TARGETED_DEVICE_FAMILY = "1,2";
				VALIDATE_PRODUCT = YES;
			};
			name = Release;
		};
		16819B591D9A197E00BCF60A /* Debug */ = {
			isa = XCBuildConfiguration;
			buildSettings = {
				ASSETCATALOG_COMPILER_APPICON_NAME = AppIcon;
				DEVELOPMENT_TEAM = XLK83KPKH5;
				INFOPLIST_FILE = "语音识别/Info.plist";
				IPHONEOS_DEPLOYMENT_TARGET = 8.0;
				LD_RUNPATH_SEARCH_PATHS = "$(inherited) @executable_path/Frameworks";
				PRODUCT_BUNDLE_IDENTIFIER = "yollet.----";
				PRODUCT_NAME = "$(TARGET_NAME)";
				TARGETED_DEVICE_FAMILY = 1;
			};
			name = Debug;
		};
		16819B5A1D9A197E00BCF60A /* Release */ = {
			isa = XCBuildConfiguration;
			buildSettings = {
				ASSETCATALOG_COMPILER_APPICON_NAME = AppIcon;
				DEVELOPMENT_TEAM = XLK83KPKH5;
				INFOPLIST_FILE = "语音识别/Info.plist";
				IPHONEOS_DEPLOYMENT_TARGET = 8.0;
				LD_RUNPATH_SEARCH_PATHS = "$(inherited) @executable_path/Frameworks";
				PRODUCT_BUNDLE_IDENTIFIER = "yollet.----";
				PRODUCT_NAME = "$(TARGET_NAME)";
				TARGETED_DEVICE_FAMILY = 1;
			};
			name = Release;
		};
		16819B5C1D9A197E00BCF60A /* Debug */ = {
			isa = XCBuildConfiguration;
			buildSettings = {
				BUNDLE_LOADER = "$(TEST_HOST)";
				INFOPLIST_FILE = "语音识别Tests/Info.plist";
				LD_RUNPATH_SEARCH_PATHS = "$(inherited) @executable_path/Frameworks @loader_path/Frameworks";
				PRODUCT_BUNDLE_IDENTIFIER = "yollet.----Tests";
				PRODUCT_NAME = "$(TARGET_NAME)";
				TEST_HOST = "$(BUILT_PRODUCTS_DIR)/语音识别.app/语音识别";
			};
			name = Debug;
		};
		16819B5D1D9A197E00BCF60A /* Release */ = {
			isa = XCBuildConfiguration;
			buildSettings = {
				BUNDLE_LOADER = "$(TEST_HOST)";
				INFOPLIST_FILE = "语音识别Tests/Info.plist";
				LD_RUNPATH_SEARCH_PATHS = "$(inherited) @executable_path/Frameworks @loader_path/Frameworks";
				PRODUCT_BUNDLE_IDENTIFIER = "yollet.----Tests";
				PRODUCT_NAME = "$(TARGET_NAME)";
				TEST_HOST = "$(BUILT_PRODUCTS_DIR)/语音识别.app/语音识别";
			};
			name = Release;
		};
/* End XCBuildConfiguration section */

/* Begin XCConfigurationList section */
		16819B311D9A197E00BCF60A /* Build configuration list for PBXProject "语音识别" */ = {
			isa = XCConfigurationList;
			buildConfigurations = (
				16819B561D9A197E00BCF60A /* Debug */,
				16819B571D9A197E00BCF60A /* Release */,
			);
			defaultConfigurationIsVisible = 0;
			defaultConfigurationName = Release;
		};
		16819B581D9A197E00BCF60A /* Build configuration list for PBXNativeTarget "语音识别" */ = {
			isa = XCConfigurationList;
			buildConfigurations = (
				16819B591D9A197E00BCF60A /* Debug */,
				16819B5A1D9A197E00BCF60A /* Release */,
			);
			defaultConfigurationIsVisible = 0;
			defaultConfigurationName = Release;
		};
		16819B5B1D9A197E00BCF60A /* Build configuration list for PBXNativeTarget "语音识别Tests" */ = {
			isa = XCConfigurationList;
			buildConfigurations = (
				16819B5C1D9A197E00BCF60A /* Debug */,
				16819B5D1D9A197E00BCF60A /* Release */,
			);
			defaultConfigurationIsVisible = 0;
			defaultConfigurationName = Release;
		};
/* End XCConfigurationList section */
	};
	rootObject = 16819B2E1D9A197E00BCF60A /* Project object */;
}
